
Microsoft Visual Studio Solution File, Format Version 12.00
# Visual Studio Version 16
VisualStudioVersion = 16.0.32802.440
MinimumVisualStudioVersion = 10.0.40219.1
Project("{FAE04EC0-301F-11D3-BF4B-00C04F79EFBC}") = "WebApplication-MVC-2023C2-12E-1", "WebApplication-MVC-2023C2-12E-1\WebApplication-MVC-2023C2-12E-1.csproj", "{D78E403C-7513-4348-8DD8-44C0FC5D756F}"
EndProject
Global
	GlobalSection(SolutionConfigurationPlatforms) = preSolution
		Debug|Any CPU = Debug|Any CPU
		Release|Any CPU = Release|Any CPU
	EndGlobalSection
	GlobalSection(ProjectConfigurationPlatforms) = postSolution
		{D78E403C-7513-4348-8DD8-44C0FC5D756F}.Debug|Any CPU.ActiveCfg = Debug|Any CPU
		{D78E403C-7513-4348-8DD8-44C0FC5D756F}.Debug|Any CPU.Build.0 = Debug|Any CPU
		{D78E403C-7513-4348-8DD8-44C0FC5D756F}.Release|Any CPU.ActiveCfg = Release|Any CPU
		{D78E403C-7513-4348-8DD8-44C0FC5D756F}.Release|Any CPU.Build.0 = Release|Any CPU
	EndGlobalSection
	GlobalSection(SolutionProperties) = preSolution
		HideSolutionNode = FALSE
	EndGlobalSection
	GlobalSection(ExtensibilityGlobals) = postSolution
		SolutionGuid = {5499827C-8B91-4A7D-8763-4FF256143E77}
	EndGlobalSection
EndGlobal
